
Microsoft Visual Studio Solution File, Format Version 12.00
# Visual Studio Version 17
VisualStudioVersion = 17.7.34031.279
MinimumVisualStudioVersion = 10.0.40219.1
Project("{FAE04EC0-301F-11D3-BF4B-00C04F79EFBC}") = "AdSoyadUyumu", "AdSoyadUyumu.csproj", "{ACBBCDA6-3E5D-4149-86DC-403A451B5239}"
EndProject
Global
	GlobalSection(SolutionConfigurationPlatforms) = preSolution
		Debug|Any CPU = Debug|Any CPU
		Release|Any CPU = Release|Any CPU
	EndGlobalSection
	GlobalSection(ProjectConfigurationPlatforms) = postSolution
		{ACBBCDA6-3E5D-4149-86DC-403A451B5239}.Debug|Any CPU.ActiveCfg = Debug|Any CPU
		{ACBBCDA6-3E5D-4149-86DC-403A451B5239}.Debug|Any CPU.Build.0 = Debug|Any CPU
		{ACBBCDA6-3E5D-4149-86DC-403A451B5239}.Release|Any CPU.ActiveCfg = Release|Any CPU
		{ACBBCDA6-3E5D-4149-86DC-403A451B5239}.Release|Any CPU.Build.0 = Release|Any CPU
	EndGlobalSection
	GlobalSection(SolutionProperties) = preSolution
		HideSolutionNode = FALSE
	EndGlobalSection
	GlobalSection(ExtensibilityGlobals) = postSolution
		SolutionGuid = {A5C49DB6-D03C-45C7-9ACA-C426CD641B6A}
	EndGlobalSection
EndGlobal
